
Microsoft Visual Studio Solution File, Format Version 12.00
# Visual Studio 14
VisualStudioVersion = 14.0.23107.0
MinimumVisualStudioVersion = 10.0.40219.1
Project("{FAE04EC0-301F-11D3-BF4B-00C04F79EFBC}") = "Spaicial API", "Spaicial API\Spaicial API.csproj", "{54076AB0-1A24-42B4-B4AC-720124AE7A1A}"
EndProject
Project("{FAE04EC0-301F-11D3-BF4B-00C04F79EFBC}") = "Spaicial APITests", "Spaicial APITests\Spaicial APITests.csproj", "{1AE41458-F12B-4CBA-93E7-E0D8EE9CBA61}"
EndProject
Global
	GlobalSection(SolutionConfigurationPlatforms) = preSolution
		Debug|Any CPU = Debug|Any CPU
		Release|Any CPU = Release|Any CPU
	EndGlobalSection
	GlobalSection(ProjectConfigurationPlatforms) = postSolution
		{54076AB0-1A24-42B4-B4AC-720124AE7A1A}.Debug|Any CPU.ActiveCfg = Debug|Any CPU
		{54076AB0-1A24-42B4-B4AC-720124AE7A1A}.Debug|Any CPU.Build.0 = Debug|Any CPU
		{54076AB0-1A24-42B4-B4AC-720124AE7A1A}.Release|Any CPU.ActiveCfg = Release|Any CPU
		{54076AB0-1A24-42B4-B4AC-720124AE7A1A}.Release|Any CPU.Build.0 = Release|Any CPU
		{1AE41458-F12B-4CBA-93E7-E0D8EE9CBA61}.Debug|Any CPU.ActiveCfg = Debug|Any CPU
		{1AE41458-F12B-4CBA-93E7-E0D8EE9CBA61}.Debug|Any CPU.Build.0 = Debug|Any CPU
		{1AE41458-F12B-4CBA-93E7-E0D8EE9CBA61}.Release|Any CPU.ActiveCfg = Release|Any CPU
		{1AE41458-F12B-4CBA-93E7-E0D8EE9CBA61}.Release|Any CPU.Build.0 = Release|Any CPU
	EndGlobalSection
	GlobalSection(SolutionProperties) = preSolution
		HideSolutionNode = FALSE
	EndGlobalSection
EndGlobal
